
Microsoft Visual Studio Solution File, Format Version 12.00
# Visual Studio Version 17
VisualStudioVersion = 17.10.35027.167
MinimumVisualStudioVersion = 10.0.40219.1
Project("{FAE04EC0-301F-11D3-BF4B-00C04F79EFBC}") = "pryCasaleProyecto", "pryCasaleProyecto\pryCasaleProyecto.csproj", "{F6D6C758-0A6D-474B-A552-D2436E153C01}"
EndProject
Global
	GlobalSection(SolutionConfigurationPlatforms) = preSolution
		Debug|Any CPU = Debug|Any CPU
		Release|Any CPU = Release|Any CPU
	EndGlobalSection
	GlobalSection(ProjectConfigurationPlatforms) = postSolution
		{F6D6C758-0A6D-474B-A552-D2436E153C01}.Debug|Any CPU.ActiveCfg = Debug|Any CPU
		{F6D6C758-0A6D-474B-A552-D2436E153C01}.Debug|Any CPU.Build.0 = Debug|Any CPU
		{F6D6C758-0A6D-474B-A552-D2436E153C01}.Release|Any CPU.ActiveCfg = Release|Any CPU
		{F6D6C758-0A6D-474B-A552-D2436E153C01}.Release|Any CPU.Build.0 = Release|Any CPU
	EndGlobalSection
	GlobalSection(SolutionProperties) = preSolution
		HideSolutionNode = FALSE
	EndGlobalSection
	GlobalSection(ExtensibilityGlobals) = postSolution
		SolutionGuid = {D35B25BA-2AFD-4EA3-ABB6-960D8D8212A0}
	EndGlobalSection
EndGlobal
